
Microsoft Visual Studio Solution File, Format Version 12.00
# Visual Studio Version 16
VisualStudioVersion = 16.0.30523.141
MinimumVisualStudioVersion = 10.0.40219.1
Project("{FAE04EC0-301F-11D3-BF4B-00C04F79EFBC}") = "hoteleria", "hoteleria\hoteleria.csproj", "{F6724D82-798F-48A1-92B3-9755EAAE6388}"
EndProject
Global
	GlobalSection(SolutionConfigurationPlatforms) = preSolution
		Debug|Any CPU = Debug|Any CPU
		Release|Any CPU = Release|Any CPU
	EndGlobalSection
	GlobalSection(ProjectConfigurationPlatforms) = postSolution
		{F6724D82-798F-48A1-92B3-9755EAAE6388}.Debug|Any CPU.ActiveCfg = Debug|Any CPU
		{F6724D82-798F-48A1-92B3-9755EAAE6388}.Debug|Any CPU.Build.0 = Debug|Any CPU
		{F6724D82-798F-48A1-92B3-9755EAAE6388}.Release|Any CPU.ActiveCfg = Release|Any CPU
		{F6724D82-798F-48A1-92B3-9755EAAE6388}.Release|Any CPU.Build.0 = Release|Any CPU
	EndGlobalSection
	GlobalSection(SolutionProperties) = preSolution
		HideSolutionNode = FALSE
	EndGlobalSection
	GlobalSection(ExtensibilityGlobals) = postSolution
		SolutionGuid = {7CE13EAA-7870-46B8-B793-AFF88DF24EAB}
	EndGlobalSection
EndGlobal
