
Microsoft Visual Studio Solution File, Format Version 12.00
# Visual Studio Version 16
VisualStudioVersion = 16.0.31424.327
MinimumVisualStudioVersion = 10.0.40219.1
Project("{FAE04EC0-301F-11D3-BF4B-00C04F79EFBC}") = "MantenimientosContaJNLD", "MantenimientosContaJNLD\MantenimientosContaJNLD.csproj", "{D2562DBE-99D8-4D09-BE9B-CE32D42B6191}"
EndProject
Global
	GlobalSection(SolutionConfigurationPlatforms) = preSolution
		Debug|Any CPU = Debug|Any CPU
		Release|Any CPU = Release|Any CPU
	EndGlobalSection
	GlobalSection(ProjectConfigurationPlatforms) = postSolution
		{D2562DBE-99D8-4D09-BE9B-CE32D42B6191}.Debug|Any CPU.ActiveCfg = Debug|Any CPU
		{D2562DBE-99D8-4D09-BE9B-CE32D42B6191}.Debug|Any CPU.Build.0 = Debug|Any CPU
		{D2562DBE-99D8-4D09-BE9B-CE32D42B6191}.Release|Any CPU.ActiveCfg = Release|Any CPU
		{D2562DBE-99D8-4D09-BE9B-CE32D42B6191}.Release|Any CPU.Build.0 = Release|Any CPU
	EndGlobalSection
	GlobalSection(SolutionProperties) = preSolution
		HideSolutionNode = FALSE
	EndGlobalSection
	GlobalSection(ExtensibilityGlobals) = postSolution
		SolutionGuid = {ACC5C672-F792-4042-AA28-4604B5FCFF77}
	EndGlobalSection
EndGlobal
